
Microsoft Visual Studio Solution File, Format Version 12.00
# Visual Studio Version 17
VisualStudioVersion = 17.8.34525.116
MinimumVisualStudioVersion = 10.0.40219.1
Project("{FAE04EC0-301F-11D3-BF4B-00C04F79EFBC}") = "deliveryCompany", "deliveryCompany\deliveryCompany.csproj", "{CC0695AB-992A-4CE4-9790-A837F9E8A949}"
EndProject
Global
	GlobalSection(SolutionConfigurationPlatforms) = preSolution
		Debug|Any CPU = Debug|Any CPU
		Release|Any CPU = Release|Any CPU
	EndGlobalSection
	GlobalSection(ProjectConfigurationPlatforms) = postSolution
		{CC0695AB-992A-4CE4-9790-A837F9E8A949}.Debug|Any CPU.ActiveCfg = Debug|Any CPU
		{CC0695AB-992A-4CE4-9790-A837F9E8A949}.Debug|Any CPU.Build.0 = Debug|Any CPU
		{CC0695AB-992A-4CE4-9790-A837F9E8A949}.Release|Any CPU.ActiveCfg = Release|Any CPU
		{CC0695AB-992A-4CE4-9790-A837F9E8A949}.Release|Any CPU.Build.0 = Release|Any CPU
	EndGlobalSection
	GlobalSection(SolutionProperties) = preSolution
		HideSolutionNode = FALSE
	EndGlobalSection
	GlobalSection(ExtensibilityGlobals) = postSolution
		SolutionGuid = {9A67C98D-7DA9-4CA3-90C6-B367B23D28A5}
	EndGlobalSection
EndGlobal
